
Microsoft Visual Studio Solution File, Format Version 12.00
# Visual Studio Version 17
VisualStudioVersion = 17.1.32421.90
MinimumVisualStudioVersion = 10.0.40219.1
Project("{9A19103F-16F7-4668-BE54-9A1E7A4F7556}") = "src", "src\src.csproj", "{0738E60F-F93E-420F-B149-33CBF9DE2941}"
EndProject
Project("{9A19103F-16F7-4668-BE54-9A1E7A4F7556}") = "common", "common\common.csproj", "{DA35A792-2634-4EA2-854A-902B03D4B8EC}"
EndProject
Project("{9A19103F-16F7-4668-BE54-9A1E7A4F7556}") = "web", "web\web.csproj", "{D29C05E0-BD41-4BA4-963B-541D78155F1B}"
EndProject
Project("{2150E333-8FDC-42A3-9474-1A3956D46DE8}") = "Solution Items", "Solution Items", "{5CDA7DC9-223C-40AA-9A1F-56B0E12D5126}"
	ProjectSection(SolutionItems) = preProject
		README.md = README.md
	EndProjectSection
EndProject
Global
	GlobalSection(SolutionConfigurationPlatforms) = preSolution
		Debug|Any CPU = Debug|Any CPU
		Release|Any CPU = Release|Any CPU
	EndGlobalSection
	GlobalSection(ProjectConfigurationPlatforms) = postSolution
		{0738E60F-F93E-420F-B149-33CBF9DE2941}.Debug|Any CPU.ActiveCfg = Debug|Any CPU
		{0738E60F-F93E-420F-B149-33CBF9DE2941}.Debug|Any CPU.Build.0 = Debug|Any CPU
		{0738E60F-F93E-420F-B149-33CBF9DE2941}.Release|Any CPU.ActiveCfg = Release|Any CPU
		{0738E60F-F93E-420F-B149-33CBF9DE2941}.Release|Any CPU.Build.0 = Release|Any CPU
		{DA35A792-2634-4EA2-854A-902B03D4B8EC}.Debug|Any CPU.ActiveCfg = Debug|Any CPU
		{DA35A792-2634-4EA2-854A-902B03D4B8EC}.Debug|Any CPU.Build.0 = Debug|Any CPU
		{DA35A792-2634-4EA2-854A-902B03D4B8EC}.Release|Any CPU.ActiveCfg = Release|Any CPU
		{DA35A792-2634-4EA2-854A-902B03D4B8EC}.Release|Any CPU.Build.0 = Release|Any CPU
		{D29C05E0-BD41-4BA4-963B-541D78155F1B}.Debug|Any CPU.ActiveCfg = Debug|Any CPU
		{D29C05E0-BD41-4BA4-963B-541D78155F1B}.Debug|Any CPU.Build.0 = Debug|Any CPU
		{D29C05E0-BD41-4BA4-963B-541D78155F1B}.Release|Any CPU.ActiveCfg = Release|Any CPU
		{D29C05E0-BD41-4BA4-963B-541D78155F1B}.Release|Any CPU.Build.0 = Release|Any CPU
	EndGlobalSection
	GlobalSection(SolutionProperties) = preSolution
		HideSolutionNode = FALSE
	EndGlobalSection
	GlobalSection(ExtensibilityGlobals) = postSolution
		SolutionGuid = {A5A1116E-F499-4DD6-94E0-1E60FEB22C7C}
	EndGlobalSection
EndGlobal
